{
  "name": "loro-kleppmann-benchmark",
  "version": "1.0.0",
  "lockfileVersion": 3,
  "requires": true,
  "packages": {
    "": {
      "name": "loro-kleppmann-benchmark",
      "version": "1.0.0",
      "license": "MIT",
      "dependencies": {
        "loro-crdt": "^1.0.7"
      }
    },
    "node_modules/loro-crdt": {
      "version": "1.5.10",
      "resolved": "https://registry.npmjs.org/loro-crdt/-/loro-crdt-1.5.10.tgz",
      "integrity": "sha512-dBAw3Hh9EJLaS5MqyNMoZRq7r01UxLWUdm3go2v2EtYIrH658IG0vcktHuZqeEwyTMvE5eUtyHhLx3lgUyDFfw==",
      "license": "MIT"
    }
  }
}
